
Microsoft Visual Studio Solution File, Format Version 12.00
# Visual Studio Version 17
VisualStudioVersion = 17.5.33530.505
MinimumVisualStudioVersion = 10.0.40219.1
Project("{FAE04EC0-301F-11D3-BF4B-00C04F79EFBC}") = "alpha_0", "alpha_0\alpha_0.csproj", "{61C21341-E2FE-4664-8253-4FF2505B4F78}"
EndProject
Global
	GlobalSection(SolutionConfigurationPlatforms) = preSolution
		Debug|Any CPU = Debug|Any CPU
		Release|Any CPU = Release|Any CPU
	EndGlobalSection
	GlobalSection(ProjectConfigurationPlatforms) = postSolution
		{61C21341-E2FE-4664-8253-4FF2505B4F78}.Debug|Any CPU.ActiveCfg = Debug|Any CPU
		{61C21341-E2FE-4664-8253-4FF2505B4F78}.Debug|Any CPU.Build.0 = Debug|Any CPU
		{61C21341-E2FE-4664-8253-4FF2505B4F78}.Release|Any CPU.ActiveCfg = Release|Any CPU
		{61C21341-E2FE-4664-8253-4FF2505B4F78}.Release|Any CPU.Build.0 = Release|Any CPU
	EndGlobalSection
	GlobalSection(SolutionProperties) = preSolution
		HideSolutionNode = FALSE
	EndGlobalSection
	GlobalSection(ExtensibilityGlobals) = postSolution
		SolutionGuid = {74BBA022-85EC-4244-86B9-51136C466816}
	EndGlobalSection
EndGlobal
